# generated by rye
# use `rye lock` or `rye sync` to update this lockfile
#
# last locked with the following flags:
#   pre: false
#   features: []
#   all-features: false
#   with-sources: false
#   generate-hashes: false
#   universal: false

-e file:.
aenum==3.1.15
    # via deepgram-sdk
aiofiles==24.1.0
    # via deepgram-sdk
aiohappyeyeballs==2.4.3
    # via aiohttp
aiohttp==3.10.10
    # via cartesia
    # via deepgram-sdk
    # via modal
    # via pipecat-ai
    # via terifai
aiosignal==1.3.1
    # via aiohttp
aiostream==0.5.2
    # via modal
annotated-types==0.7.0
    # via pydantic
anyio==4.4.0
    # via httpx
    # via openai
    # via starlette
    # via watchfiles
async-timeout==4.0.3
    # via terifai
attrs==23.2.0
    # via aiohttp
    # via sigtools
cartesia==1.0.14
    # via pipecat-ai
certifi==2024.6.2
    # via httpcore
    # via httpx
    # via modal
    # via requests
charset-normalizer==3.3.2
    # via requests
click==8.1.7
    # via modal
    # via typer
    # via uvicorn
coloredlogs==15.0.1
    # via onnxruntime
daily-python==0.11.0
    # via pipecat-ai
dataclasses-json==0.6.7
    # via deepgram-sdk
deepgram-sdk==3.7.5
    # via pipecat-ai
deprecation==2.1.0
    # via deepgram-sdk
distro==1.9.0
    # via openai
dnspython==2.6.1
    # via email-validator
email-validator==2.2.0
    # via fastapi
fastapi==0.111.0
    # via modal
    # via terifai
fastapi-cli==0.0.4
    # via fastapi
filelock==3.15.4
    # via torch
flatbuffers==24.3.25
    # via onnxruntime
frozenlist==1.4.1
    # via aiohttp
    # via aiosignal
fsspec==2024.6.1
    # via torch
future==1.0.0
    # via pyloudnorm
grpclib==0.4.7
    # via modal
h11==0.14.0
    # via httpcore
    # via uvicorn
h2==4.1.0
    # via grpclib
hpack==4.0.0
    # via h2
httpcore==1.0.5
    # via httpx
httptools==0.6.1
    # via uvicorn
httpx==0.27.0
    # via cartesia
    # via deepgram-sdk
    # via fastapi
    # via openai
humanfriendly==10.0
    # via coloredlogs
hyperframe==6.0.1
    # via h2
idna==3.7
    # via anyio
    # via email-validator
    # via httpx
    # via requests
    # via yarl
iniconfig==2.0.0
    # via pytest
iterators==0.2.0
    # via cartesia
jinja2==3.1.4
    # via fastapi
    # via torch
jiter==0.6.1
    # via openai
loguru==0.7.2
    # via pipecat-ai
markdown==3.7
    # via pipecat-ai
markdown-it-py==3.0.0
    # via rich
markupsafe==2.1.5
    # via jinja2
marshmallow==3.21.3
    # via dataclasses-json
mdurl==0.1.2
    # via markdown-it-py
modal==0.63.41
    # via terifai
mpmath==1.3.0
    # via sympy
multidict==6.0.5
    # via aiohttp
    # via grpclib
    # via yarl
mypy-extensions==1.0.0
    # via typing-inspect
networkx==3.3
    # via torch
numpy==1.26.4
    # via onnxruntime
    # via pipecat-ai
    # via pyloudnorm
    # via scipy
onnxruntime==1.19.2
    # via pipecat-ai
openai==1.50.2
    # via pipecat-ai
orjson==3.10.5
    # via fastapi
packaging==24.1
    # via deprecation
    # via marshmallow
    # via onnxruntime
    # via pytest
pillow==10.4.0
    # via pipecat-ai
pipecat-ai==0.0.47
    # via terifai
pluggy==1.5.0
    # via pytest
propcache==0.2.0
    # via yarl
protobuf==4.25.5
    # via modal
    # via onnxruntime
    # via pipecat-ai
pydantic==2.8.2
    # via fastapi
    # via openai
    # via pipecat-ai
pydantic-core==2.20.1
    # via pydantic
pygments==2.18.0
    # via rich
pyloudnorm==0.1.1
    # via pipecat-ai
pytest==8.3.3
    # via pytest-asyncio
pytest-asyncio==0.24.0
    # via cartesia
python-deepcompare==1.0.1
    # via pipecat-ai
python-dotenv==1.0.1
    # via terifai
    # via uvicorn
python-multipart==0.0.9
    # via fastapi
pyyaml==6.0.1
    # via uvicorn
requests==2.32.3
    # via cartesia
    # via terifai
rich==13.7.1
    # via modal
    # via typer
scipy==1.14.1
    # via pipecat-ai
    # via pyloudnorm
setuptools==75.2.0
    # via torch
shellingham==1.5.4
    # via typer
sigtools==4.0.1
    # via synchronicity
sniffio==1.3.1
    # via anyio
    # via httpx
    # via openai
starlette==0.37.2
    # via fastapi
sympy==1.13.1
    # via onnxruntime
    # via torch
synchronicity==0.6.7
    # via modal
toml==0.10.2
    # via modal
torch==2.5.0
    # via terifai
    # via torchaudio
torchaudio==2.5.0
    # via terifai
tqdm==4.66.4
    # via openai
typer==0.12.3
    # via fastapi-cli
    # via modal
types-certifi==2021.10.8.3
    # via modal
types-toml==0.10.8.20240310
    # via modal
typing-extensions==4.12.2
    # via aiostream
    # via deepgram-sdk
    # via fastapi
    # via modal
    # via openai
    # via pydantic
    # via pydantic-core
    # via synchronicity
    # via torch
    # via typer
    # via typing-inspect
typing-inspect==0.9.0
    # via dataclasses-json
ujson==5.10.0
    # via fastapi
urllib3==2.2.2
    # via requests
uvicorn==0.30.1
    # via fastapi
    # via terifai
uvloop==0.19.0
    # via uvicorn
watchfiles==0.22.0
    # via modal
    # via uvicorn
websockets==13.1
    # via cartesia
    # via deepgram-sdk
    # via pipecat-ai
    # via uvicorn
yarl==1.16.0
    # via aiohttp
